
Microsoft Visual Studio Solution File, Format Version 12.00
# Visual Studio 15
VisualStudioVersion = 15.0.28307.572
MinimumVisualStudioVersion = 10.0.40219.1
Project("{FAE04EC0-301F-11D3-BF4B-00C04F79EFBC}") = "ConSecondApp", "ConSecondApp\ConSecondApp.csproj", "{B7C721B0-EB23-44CF-AEBE-1D067018B75D}"
EndProject
Global
	GlobalSection(SolutionConfigurationPlatforms) = preSolution
		Debug|Any CPU = Debug|Any CPU
		Release|Any CPU = Release|Any CPU
	EndGlobalSection
	GlobalSection(ProjectConfigurationPlatforms) = postSolution
		{B7C721B0-EB23-44CF-AEBE-1D067018B75D}.Debug|Any CPU.ActiveCfg = Debug|Any CPU
		{B7C721B0-EB23-44CF-AEBE-1D067018B75D}.Debug|Any CPU.Build.0 = Debug|Any CPU
		{B7C721B0-EB23-44CF-AEBE-1D067018B75D}.Release|Any CPU.ActiveCfg = Release|Any CPU
		{B7C721B0-EB23-44CF-AEBE-1D067018B75D}.Release|Any CPU.Build.0 = Release|Any CPU
	EndGlobalSection
	GlobalSection(SolutionProperties) = preSolution
		HideSolutionNode = FALSE
	EndGlobalSection
	GlobalSection(ExtensibilityGlobals) = postSolution
		SolutionGuid = {1EA26E96-0956-4C3C-AC69-1BB8434900CE}
	EndGlobalSection
EndGlobal
